
Microsoft Visual Studio Solution File, Format Version 12.00
# Visual Studio Version 17
VisualStudioVersion = 17.8.34330.188
MinimumVisualStudioVersion = 10.0.40219.1
Project("{FAE04EC0-301F-11D3-BF4B-00C04F79EFBC}") = "ICA01-TrekLight", "ICA01-TrekLight.csproj", "{F8670D72-1301-4A58-86E2-145130B43C10}"
EndProject
Global
	GlobalSection(SolutionConfigurationPlatforms) = preSolution
		Debug|Any CPU = Debug|Any CPU
		Release|Any CPU = Release|Any CPU
	EndGlobalSection
	GlobalSection(ProjectConfigurationPlatforms) = postSolution
		{F8670D72-1301-4A58-86E2-145130B43C10}.Debug|Any CPU.ActiveCfg = Debug|Any CPU
		{F8670D72-1301-4A58-86E2-145130B43C10}.Debug|Any CPU.Build.0 = Debug|Any CPU
		{F8670D72-1301-4A58-86E2-145130B43C10}.Release|Any CPU.ActiveCfg = Release|Any CPU
		{F8670D72-1301-4A58-86E2-145130B43C10}.Release|Any CPU.Build.0 = Release|Any CPU
	EndGlobalSection
	GlobalSection(SolutionProperties) = preSolution
		HideSolutionNode = FALSE
	EndGlobalSection
	GlobalSection(ExtensibilityGlobals) = postSolution
		SolutionGuid = {6739B1CC-E311-4F91-9AB1-A51A3273CE40}
	EndGlobalSection
EndGlobal
